
Microsoft Visual Studio Solution File, Format Version 12.00
# Visual Studio Version 17
VisualStudioVersion = 17.0.31903.59
MinimumVisualStudioVersion = 10.0.40219.1
Project("{9A19103F-16F7-4668-BE54-9A1E7A4F7556}") = "HiBiKiRadio.Core", "src\Core\HiBiKiRadio.Core\HiBiKiRadio.Core.csproj", "{495810FD-E36B-4439-BE49-1835EB8655F8}"
EndProject
Project("{2150E333-8FDC-42A3-9474-1A3956D46DE8}") = "Tasks", "Tasks", "{8A3BA69D-FE98-466E-8506-184DA0C1D44F}"
EndProject
Project("{9A19103F-16F7-4668-BE54-9A1E7A4F7556}") = "HiBiKiRadio.Build.Tasks", "src\Tasks\HiBiKiRadio.Tasks\HiBiKiRadio.Build.Tasks.csproj", "{B33FFE9C-BE92-4F25-B2E3-3A3DCFB9C638}"
EndProject
Project("{2150E333-8FDC-42A3-9474-1A3956D46DE8}") = "Core", "Core", "{4D75B46D-A8AF-4072-ACEC-130C2EA22049}"
EndProject
Project("{D954291E-2A0B-460D-934E-DC6B0785DB48}") = "NullableAttributes", "src\Shared\NullableAttributes\NullableAttributes.shproj", "{273DD4B0-DDAE-4562-961E-C599DE09FC81}"
EndProject
Project("{2150E333-8FDC-42A3-9474-1A3956D46DE8}") = "Tools", "Tools", "{69D9D5ED-93A6-4D0E-AECF-5B2050BC850C}"
EndProject
Project("{9A19103F-16F7-4668-BE54-9A1E7A4F7556}") = "Console", "src\Tools\Console\Console.csproj", "{E4309E62-F9F5-4963-9225-1D7DBD496E73}"
EndProject
Project("{9A19103F-16F7-4668-BE54-9A1E7A4F7556}") = "Launcher", "src\Tools\Launcher\Launcher.csproj", "{F5940F17-5073-430E-AF33-D2B275881C86}"
EndProject
Project("{D954291E-2A0B-460D-934E-DC6B0785DB48}") = "CallerAttributes", "src\Shared\CallerAttributes\CallerAttributes.shproj", "{C996ADB6-B518-47E2-A31F-2F211D2ED421}"
EndProject
Project("{9A19103F-16F7-4668-BE54-9A1E7A4F7556}") = "CoreGenerators", "src\Shared\Source\CoreGenerators.csproj", "{394D164F-14DA-4DB9-805D-3A15D9DAC944}"
EndProject
Project("{9A19103F-16F7-4668-BE54-9A1E7A4F7556}") = "HiBiKiRadio.Core.UnitTests", "src\Core\HiBiKiRadio.Core.UnitTests\HiBiKiRadio.Core.UnitTests.csproj", "{482E354F-D49A-4D3D-9128-2797F2562339}"
EndProject
Global
	GlobalSection(SolutionConfigurationPlatforms) = preSolution
		Debug|Any CPU = Debug|Any CPU
		Release|Any CPU = Release|Any CPU
	EndGlobalSection
	GlobalSection(ProjectConfigurationPlatforms) = postSolution
		{495810FD-E36B-4439-BE49-1835EB8655F8}.Debug|Any CPU.ActiveCfg = Debug|Any CPU
		{495810FD-E36B-4439-BE49-1835EB8655F8}.Debug|Any CPU.Build.0 = Debug|Any CPU
		{495810FD-E36B-4439-BE49-1835EB8655F8}.Release|Any CPU.ActiveCfg = Release|Any CPU
		{495810FD-E36B-4439-BE49-1835EB8655F8}.Release|Any CPU.Build.0 = Release|Any CPU
		{B33FFE9C-BE92-4F25-B2E3-3A3DCFB9C638}.Debug|Any CPU.ActiveCfg = Debug|Any CPU
		{B33FFE9C-BE92-4F25-B2E3-3A3DCFB9C638}.Debug|Any CPU.Build.0 = Debug|Any CPU
		{B33FFE9C-BE92-4F25-B2E3-3A3DCFB9C638}.Release|Any CPU.ActiveCfg = Release|Any CPU
		{B33FFE9C-BE92-4F25-B2E3-3A3DCFB9C638}.Release|Any CPU.Build.0 = Release|Any CPU
		{E4309E62-F9F5-4963-9225-1D7DBD496E73}.Debug|Any CPU.ActiveCfg = Debug|Any CPU
		{E4309E62-F9F5-4963-9225-1D7DBD496E73}.Debug|Any CPU.Build.0 = Debug|Any CPU
		{E4309E62-F9F5-4963-9225-1D7DBD496E73}.Release|Any CPU.ActiveCfg = Release|Any CPU
		{E4309E62-F9F5-4963-9225-1D7DBD496E73}.Release|Any CPU.Build.0 = Release|Any CPU
		{F5940F17-5073-430E-AF33-D2B275881C86}.Debug|Any CPU.ActiveCfg = Debug|Any CPU
		{F5940F17-5073-430E-AF33-D2B275881C86}.Debug|Any CPU.Build.0 = Debug|Any CPU
		{F5940F17-5073-430E-AF33-D2B275881C86}.Release|Any CPU.ActiveCfg = Release|Any CPU
		{F5940F17-5073-430E-AF33-D2B275881C86}.Release|Any CPU.Build.0 = Release|Any CPU
		{394D164F-14DA-4DB9-805D-3A15D9DAC944}.Debug|Any CPU.ActiveCfg = Debug|Any CPU
		{394D164F-14DA-4DB9-805D-3A15D9DAC944}.Debug|Any CPU.Build.0 = Debug|Any CPU
		{394D164F-14DA-4DB9-805D-3A15D9DAC944}.Release|Any CPU.ActiveCfg = Release|Any CPU
		{394D164F-14DA-4DB9-805D-3A15D9DAC944}.Release|Any CPU.Build.0 = Release|Any CPU
		{482E354F-D49A-4D3D-9128-2797F2562339}.Debug|Any CPU.ActiveCfg = Debug|Any CPU
		{482E354F-D49A-4D3D-9128-2797F2562339}.Debug|Any CPU.Build.0 = Debug|Any CPU
		{482E354F-D49A-4D3D-9128-2797F2562339}.Release|Any CPU.ActiveCfg = Release|Any CPU
		{482E354F-D49A-4D3D-9128-2797F2562339}.Release|Any CPU.Build.0 = Release|Any CPU
	EndGlobalSection
	GlobalSection(SolutionProperties) = preSolution
		HideSolutionNode = FALSE
	EndGlobalSection
	GlobalSection(NestedProjects) = preSolution
		{495810FD-E36B-4439-BE49-1835EB8655F8} = {4D75B46D-A8AF-4072-ACEC-130C2EA22049}
		{B33FFE9C-BE92-4F25-B2E3-3A3DCFB9C638} = {8A3BA69D-FE98-466E-8506-184DA0C1D44F}
		{273DD4B0-DDAE-4562-961E-C599DE09FC81} = {4D75B46D-A8AF-4072-ACEC-130C2EA22049}
		{E4309E62-F9F5-4963-9225-1D7DBD496E73} = {69D9D5ED-93A6-4D0E-AECF-5B2050BC850C}
		{F5940F17-5073-430E-AF33-D2B275881C86} = {69D9D5ED-93A6-4D0E-AECF-5B2050BC850C}
		{C996ADB6-B518-47E2-A31F-2F211D2ED421} = {4D75B46D-A8AF-4072-ACEC-130C2EA22049}
		{394D164F-14DA-4DB9-805D-3A15D9DAC944} = {4D75B46D-A8AF-4072-ACEC-130C2EA22049}
		{482E354F-D49A-4D3D-9128-2797F2562339} = {4D75B46D-A8AF-4072-ACEC-130C2EA22049}
	EndGlobalSection
	GlobalSection(ExtensibilityGlobals) = postSolution
		SolutionGuid = {F7DD285D-671F-4BC4-A807-B71288453200}
	EndGlobalSection
	GlobalSection(SharedMSBuildProjectFiles) = preSolution
		src\Shared\NullableAttributes\NullableAttributes.projitems*{273dd4b0-ddae-4562-961e-c599de09fc81}*SharedItemsImports = 13
		src\Shared\NullableAttributes\NullableAttributes.projitems*{394d164f-14da-4db9-805d-3a15d9dac944}*SharedItemsImports = 5
		src\Shared\NullableAttributes\NullableAttributes.projitems*{495810fd-e36b-4439-be49-1835eb8655f8}*SharedItemsImports = 5
		src\Shared\CallerAttributes\CallerAttributes.projitems*{b33ffe9c-be92-4f25-b2e3-3a3dcfb9c638}*SharedItemsImports = 5
		src\Shared\NullableAttributes\NullableAttributes.projitems*{b33ffe9c-be92-4f25-b2e3-3a3dcfb9c638}*SharedItemsImports = 5
		src\Shared\CallerAttributes\CallerAttributes.projitems*{c996adb6-b518-47e2-a31f-2f211d2ed421}*SharedItemsImports = 13
		src\Shared\NullableAttributes\NullableAttributes.projitems*{e4309e62-f9f5-4963-9225-1d7dbd496e73}*SharedItemsImports = 5
		src\Shared\NullableAttributes\NullableAttributes.projitems*{f5940f17-5073-430e-af33-d2b275881c86}*SharedItemsImports = 5
	EndGlobalSection
EndGlobal
