
Microsoft Visual Studio Solution File, Format Version 12.00
# Visual Studio Version 17
VisualStudioVersion = 17.0.31903.59
MinimumVisualStudioVersion = 10.0.40219.1
Project("{9A19103F-16F7-4668-BE54-9A1E7A4F7556}") = "HiBiKiRadio.Core", "HiBiKiRadio.Core\HiBiKiRadio.Core.csproj", "{495810FD-E36B-4439-BE49-1835EB8655F8}"
EndProject
Project("{9A19103F-16F7-4668-BE54-9A1E7A4F7556}") = "Console", "Console\Console.csproj", "{1EBCEFD2-C2C4-4C64-85FF-6192ACDA5574}"
EndProject
Global
	GlobalSection(SolutionConfigurationPlatforms) = preSolution
		Debug|Any CPU = Debug|Any CPU
		Release|Any CPU = Release|Any CPU
	EndGlobalSection
	GlobalSection(ProjectConfigurationPlatforms) = postSolution
		{495810FD-E36B-4439-BE49-1835EB8655F8}.Debug|Any CPU.ActiveCfg = Debug|Any CPU
		{495810FD-E36B-4439-BE49-1835EB8655F8}.Debug|Any CPU.Build.0 = Debug|Any CPU
		{495810FD-E36B-4439-BE49-1835EB8655F8}.Release|Any CPU.ActiveCfg = Release|Any CPU
		{495810FD-E36B-4439-BE49-1835EB8655F8}.Release|Any CPU.Build.0 = Release|Any CPU
		{1EBCEFD2-C2C4-4C64-85FF-6192ACDA5574}.Debug|Any CPU.ActiveCfg = Debug|Any CPU
		{1EBCEFD2-C2C4-4C64-85FF-6192ACDA5574}.Debug|Any CPU.Build.0 = Debug|Any CPU
		{1EBCEFD2-C2C4-4C64-85FF-6192ACDA5574}.Release|Any CPU.ActiveCfg = Release|Any CPU
		{1EBCEFD2-C2C4-4C64-85FF-6192ACDA5574}.Release|Any CPU.Build.0 = Release|Any CPU
	EndGlobalSection
	GlobalSection(SolutionProperties) = preSolution
		HideSolutionNode = FALSE
	EndGlobalSection
	GlobalSection(ExtensibilityGlobals) = postSolution
		SolutionGuid = {F7DD285D-671F-4BC4-A807-B71288453200}
	EndGlobalSection
EndGlobal
